
Microsoft Visual Studio Solution File, Format Version 12.00
# Visual Studio Version 17
VisualStudioVersion = 17.12.35707.178 d17.12
MinimumVisualStudioVersion = 10.0.40219.1
Project("{FAE04EC0-301F-11D3-BF4B-00C04F79EFBC}") = "menu_01", "menu_01\menu_01.csproj", "{EF7B0F5B-4061-40CC-94B8-D917BE34E2BF}"
EndProject
Global
	GlobalSection(SolutionConfigurationPlatforms) = preSolution
		Debug|Any CPU = Debug|Any CPU
		Release|Any CPU = Release|Any CPU
	EndGlobalSection
	GlobalSection(ProjectConfigurationPlatforms) = postSolution
		{EF7B0F5B-4061-40CC-94B8-D917BE34E2BF}.Debug|Any CPU.ActiveCfg = Debug|Any CPU
		{EF7B0F5B-4061-40CC-94B8-D917BE34E2BF}.Debug|Any CPU.Build.0 = Debug|Any CPU
		{EF7B0F5B-4061-40CC-94B8-D917BE34E2BF}.Release|Any CPU.ActiveCfg = Release|Any CPU
		{EF7B0F5B-4061-40CC-94B8-D917BE34E2BF}.Release|Any CPU.Build.0 = Release|Any CPU
	EndGlobalSection
	GlobalSection(SolutionProperties) = preSolution
		HideSolutionNode = FALSE
	EndGlobalSection
EndGlobal
